
Microsoft Visual Studio Solution File, Format Version 12.00
# Visual Studio Version 17
VisualStudioVersion = 17.11.35222.181
MinimumVisualStudioVersion = 10.0.40219.1
Project("{FAE04EC0-301F-11D3-BF4B-00C04F79EFBC}") = "Tarea09", "Tarea09\Tarea09.csproj", "{8A69287D-BCAD-4BFD-B453-533C01EB5CE3}"
EndProject
Global
	GlobalSection(SolutionConfigurationPlatforms) = preSolution
		Debug|Any CPU = Debug|Any CPU
		Release|Any CPU = Release|Any CPU
	EndGlobalSection
	GlobalSection(ProjectConfigurationPlatforms) = postSolution
		{8A69287D-BCAD-4BFD-B453-533C01EB5CE3}.Debug|Any CPU.ActiveCfg = Debug|Any CPU
		{8A69287D-BCAD-4BFD-B453-533C01EB5CE3}.Debug|Any CPU.Build.0 = Debug|Any CPU
		{8A69287D-BCAD-4BFD-B453-533C01EB5CE3}.Release|Any CPU.ActiveCfg = Release|Any CPU
		{8A69287D-BCAD-4BFD-B453-533C01EB5CE3}.Release|Any CPU.Build.0 = Release|Any CPU
	EndGlobalSection
	GlobalSection(SolutionProperties) = preSolution
		HideSolutionNode = FALSE
	EndGlobalSection
	GlobalSection(ExtensibilityGlobals) = postSolution
		SolutionGuid = {17C1CE89-3577-4CDE-90F6-48B1CEE79A8D}
	EndGlobalSection
EndGlobal
